// !$*UTF8*$!
{
	archiveVersion = 1;
	classes = {
	};
	objectVersion = 55;
	objects = {

/* Begin PBXBuildFile section */
		920D7BF72851295D0030C9C2 /* PhotoDataModel.xcdatamodeld in Sources */ = {isa = PBXBuildFile; fileRef = 920D7BF52851295D0030C9C2 /* PhotoDataModel.xcdatamodeld */; };
		920D7BF9285134C50030C9C2 /* PhotoContainer.swift in Sources */ = {isa = PBXBuildFile; fileRef = 920D7BF8285134C50030C9C2 /* PhotoContainer.swift */; };
		920D7BFC2853C9DB0030C9C2 /* KeychainHelper.swift in Sources */ = {isa = PBXBuildFile; fileRef = 920D7BFB2853C9DB0030C9C2 /* KeychainHelper.swift */; };
		920D7BFE2853CD4F0030C9C2 /* KeychainPropertyWrapper.swift in Sources */ = {isa = PBXBuildFile; fileRef = 920D7BFD2853CD4F0030C9C2 /* KeychainPropertyWrapper.swift */; };
		920D7C002854FEFD0030C9C2 /* PhotoInfoModel.swift in Sources */ = {isa = PBXBuildFile; fileRef = 920D7BFF2854FEFD0030C9C2 /* PhotoInfoModel.swift */; };
		920D7C022855BED00030C9C2 /* URLBuilder.swift in Sources */ = {isa = PBXBuildFile; fileRef = 920D7C012855BED00030C9C2 /* URLBuilder.swift */; };
		9269E122284C9DA600945B6F /* LogoView.swift in Sources */ = {isa = PBXBuildFile; fileRef = 9269E121284C9DA600945B6F /* LogoView.swift */; };
		9269E124284C9DE800945B6F /* WelcomeText.swift in Sources */ = {isa = PBXBuildFile; fileRef = 9269E123284C9DE800945B6F /* WelcomeText.swift */; };
		929469A1284691CF004908D2 /* FlickrSwiftUIApp.swift in Sources */ = {isa = PBXBuildFile; fileRef = 929469A0284691CF004908D2 /* FlickrSwiftUIApp.swift */; };
		929469A5284691D0004908D2 /* Assets.xcassets in Resources */ = {isa = PBXBuildFile; fileRef = 929469A4284691D0004908D2 /* Assets.xcassets */; };
		929469A8284691D0004908D2 /* Preview Assets.xcassets in Resources */ = {isa = PBXBuildFile; fileRef = 929469A7284691D0004908D2 /* Preview Assets.xcassets */; };
		929469B0284693D9004908D2 /* LoginView.swift in Sources */ = {isa = PBXBuildFile; fileRef = 929469AF284693D9004908D2 /* LoginView.swift */; };
		929469B22847C403004908D2 /* AuthenticationView.swift in Sources */ = {isa = PBXBuildFile; fileRef = 929469B12847C403004908D2 /* AuthenticationView.swift */; };
		929469B42847C70B004908D2 /* SignUpView.swift in Sources */ = {isa = PBXBuildFile; fileRef = 929469B32847C70B004908D2 /* SignUpView.swift */; };
		929469B62847C73D004908D2 /* HomeView.swift in Sources */ = {isa = PBXBuildFile; fileRef = 929469B52847C73D004908D2 /* HomeView.swift */; };
		929469B92847CA1E004908D2 /* ViewRouter.swift in Sources */ = {isa = PBXBuildFile; fileRef = 929469B82847CA1E004908D2 /* ViewRouter.swift */; };
		929469BB2847CAB4004908D2 /* RedirectionView.swift in Sources */ = {isa = PBXBuildFile; fileRef = 929469BA2847CAB4004908D2 /* RedirectionView.swift */; };
		929469BD2847F6D3004908D2 /* SettingsView.swift in Sources */ = {isa = PBXBuildFile; fileRef = 929469BC2847F6D3004908D2 /* SettingsView.swift */; };
		929469BF2847FCAB004908D2 /* PhotoDetailsView.swift in Sources */ = {isa = PBXBuildFile; fileRef = 929469BE2847FCAB004908D2 /* PhotoDetailsView.swift */; };
		929469C1284801D0004908D2 /* PopularPhotosModel.swift in Sources */ = {isa = PBXBuildFile; fileRef = 929469C0284801D0004908D2 /* PopularPhotosModel.swift */; };
		929469C7284BD57A004908D2 /* FlickrServices.swift in Sources */ = {isa = PBXBuildFile; fileRef = 929469C6284BD57A004908D2 /* FlickrServices.swift */; };
		929469C9284BD661004908D2 /* PhotosListView.swift in Sources */ = {isa = PBXBuildFile; fileRef = 929469C8284BD661004908D2 /* PhotosListView.swift */; };
		929469CE284BD897004908D2 /* Constants.swift in Sources */ = {isa = PBXBuildFile; fileRef = 929469CD284BD897004908D2 /* Constants.swift */; };
/* End PBXBuildFile section */

/* Begin PBXFileReference section */
		920D7BF62851295D0030C9C2 /* Authorization.xcdatamodel */ = {isa = PBXFileReference; lastKnownFileType = wrapper.xcdatamodel; path = Authorization.xcdatamodel; sourceTree = "<group>"; };
		920D7BF8285134C50030C9C2 /* PhotoContainer.swift */ = {isa = PBXFileReference; lastKnownFileType = sourcecode.swift; path = PhotoContainer.swift; sourceTree = "<group>"; };
		920D7BFB2853C9DB0030C9C2 /* KeychainHelper.swift */ = {isa = PBXFileReference; lastKnownFileType = sourcecode.swift; path = KeychainHelper.swift; sourceTree = "<group>"; };
		920D7BFD2853CD4F0030C9C2 /* KeychainPropertyWrapper.swift */ = {isa = PBXFileReference; lastKnownFileType = sourcecode.swift; path = KeychainPropertyWrapper.swift; sourceTree = "<group>"; };
		920D7BFF2854FEFD0030C9C2 /* PhotoInfoModel.swift */ = {isa = PBXFileReference; lastKnownFileType = sourcecode.swift; path = PhotoInfoModel.swift; sourceTree = "<group>"; };
		920D7C012855BED00030C9C2 /* URLBuilder.swift */ = {isa = PBXFileReference; lastKnownFileType = sourcecode.swift; path = URLBuilder.swift; sourceTree = "<group>"; };
		9269E121284C9DA600945B6F /* LogoView.swift */ = {isa = PBXFileReference; lastKnownFileType = sourcecode.swift; path = LogoView.swift; sourceTree = "<group>"; };
		9269E123284C9DE800945B6F /* WelcomeText.swift */ = {isa = PBXFileReference; lastKnownFileType = sourcecode.swift; path = WelcomeText.swift; sourceTree = "<group>"; };
		9294699D284691CF004908D2 /* FlickrSwiftUI.app */ = {isa = PBXFileReference; explicitFileType = wrapper.application; includeInIndex = 0; path = FlickrSwiftUI.app; sourceTree = BUILT_PRODUCTS_DIR; };
		929469A0284691CF004908D2 /* FlickrSwiftUIApp.swift */ = {isa = PBXFileReference; lastKnownFileType = sourcecode.swift; path = FlickrSwiftUIApp.swift; sourceTree = "<group>"; };
		929469A4284691D0004908D2 /* Assets.xcassets */ = {isa = PBXFileReference; lastKnownFileType = folder.assetcatalog; path = Assets.xcassets; sourceTree = "<group>"; };
		929469A7284691D0004908D2 /* Preview Assets.xcassets */ = {isa = PBXFileReference; lastKnownFileType = folder.assetcatalog; path = "Preview Assets.xcassets"; sourceTree = "<group>"; };
		929469AF284693D9004908D2 /* LoginView.swift */ = {isa = PBXFileReference; lastKnownFileType = sourcecode.swift; path = LoginView.swift; sourceTree = "<group>"; };
		929469B12847C403004908D2 /* AuthenticationView.swift */ = {isa = PBXFileReference; lastKnownFileType = sourcecode.swift; path = AuthenticationView.swift; sourceTree = "<group>"; };
		929469B32847C70B004908D2 /* SignUpView.swift */ = {isa = PBXFileReference; lastKnownFileType = sourcecode.swift; path = SignUpView.swift; sourceTree = "<group>"; };
		929469B52847C73D004908D2 /* HomeView.swift */ = {isa = PBXFileReference; lastKnownFileType = sourcecode.swift; path = HomeView.swift; sourceTree = "<group>"; };
		929469B82847CA1E004908D2 /* ViewRouter.swift */ = {isa = PBXFileReference; lastKnownFileType = sourcecode.swift; path = ViewRouter.swift; sourceTree = "<group>"; };
		929469BA2847CAB4004908D2 /* RedirectionView.swift */ = {isa = PBXFileReference; lastKnownFileType = sourcecode.swift; path = RedirectionView.swift; sourceTree = "<group>"; };
		929469BC2847F6D3004908D2 /* SettingsView.swift */ = {isa = PBXFileReference; lastKnownFileType = sourcecode.swift; path = SettingsView.swift; sourceTree = "<group>"; };
		929469BE2847FCAB004908D2 /* PhotoDetailsView.swift */ = {isa = PBXFileReference; lastKnownFileType = sourcecode.swift; path = PhotoDetailsView.swift; sourceTree = "<group>"; };
		929469C0284801D0004908D2 /* PopularPhotosModel.swift */ = {isa = PBXFileReference; lastKnownFileType = sourcecode.swift; path = PopularPhotosModel.swift; sourceTree = "<group>"; };
		929469C3284984ED004908D2 /* Info.plist */ = {isa = PBXFileReference; lastKnownFileType = text.plist; path = Info.plist; sourceTree = "<group>"; };
		929469C6284BD57A004908D2 /* FlickrServices.swift */ = {isa = PBXFileReference; lastKnownFileType = sourcecode.swift; path = FlickrServices.swift; sourceTree = "<group>"; };
		929469C8284BD661004908D2 /* PhotosListView.swift */ = {isa = PBXFileReference; lastKnownFileType = sourcecode.swift; path = PhotosListView.swift; sourceTree = "<group>"; };
		929469CD284BD897004908D2 /* Constants.swift */ = {isa = PBXFileReference; lastKnownFileType = sourcecode.swift; path = Constants.swift; sourceTree = "<group>"; };
/* End PBXFileReference section */

/* Begin PBXFrameworksBuildPhase section */
		9294699A284691CF004908D2 /* Frameworks */ = {
			isa = PBXFrameworksBuildPhase;
			buildActionMask = 2147483647;
			files = (
			);
			runOnlyForDeploymentPostprocessing = 0;
		};
/* End PBXFrameworksBuildPhase section */

/* Begin PBXGroup section */
		920D7BF4285128BE0030C9C2 /* Data Models */ = {
			isa = PBXGroup;
			children = (
				920D7BF52851295D0030C9C2 /* PhotoDataModel.xcdatamodeld */,
				920D7BF8285134C50030C9C2 /* PhotoContainer.swift */,
			);
			path = "Data Models";
			sourceTree = "<group>";
		};
		920D7BFA2853C9CA0030C9C2 /* Keychain */ = {
			isa = PBXGroup;
			children = (
				920D7BFB2853C9DB0030C9C2 /* KeychainHelper.swift */,
				920D7BFD2853CD4F0030C9C2 /* KeychainPropertyWrapper.swift */,
			);
			path = Keychain;
			sourceTree = "<group>";
		};
		92946994284691CF004908D2 = {
			isa = PBXGroup;
			children = (
				9294699F284691CF004908D2 /* FlickrSwiftUI */,
				9294699E284691CF004908D2 /* Products */,
			);
			sourceTree = "<group>";
		};
		9294699E284691CF004908D2 /* Products */ = {
			isa = PBXGroup;
			children = (
				9294699D284691CF004908D2 /* FlickrSwiftUI.app */,
			);
			name = Products;
			sourceTree = "<group>";
		};
		9294699F284691CF004908D2 /* FlickrSwiftUI */ = {
			isa = PBXGroup;
			children = (
				929469C3284984ED004908D2 /* Info.plist */,
				929469CC284BD882004908D2 /* Constants */,
				920D7BF4285128BE0030C9C2 /* Data Models */,
				929469C22848021F004908D2 /* Models */,
				929469C5284BD536004908D2 /* Services */,
				929469B72847C9FB004908D2 /* Utilities */,
				929469AE284693BA004908D2 /* UI */,
				929469A0284691CF004908D2 /* FlickrSwiftUIApp.swift */,
				929469A4284691D0004908D2 /* Assets.xcassets */,
				929469A6284691D0004908D2 /* Preview Content */,
			);
			path = FlickrSwiftUI;
			sourceTree = "<group>";
		};
		929469A6284691D0004908D2 /* Preview Content */ = {
			isa = PBXGroup;
			children = (
				929469A7284691D0004908D2 /* Preview Assets.xcassets */,
			);
			path = "Preview Content";
			sourceTree = "<group>";
		};
		929469AE284693BA004908D2 /* UI */ = {
			isa = PBXGroup;
			children = (
				929469CB284BD7F3004908D2 /* View */,
				929469CA284BD751004908D2 /* Components */,
			);
			path = UI;
			sourceTree = "<group>";
		};
		929469B72847C9FB004908D2 /* Utilities */ = {
			isa = PBXGroup;
			children = (
				920D7BFA2853C9CA0030C9C2 /* Keychain */,
				929469B82847CA1E004908D2 /* ViewRouter.swift */,
			);
			path = Utilities;
			sourceTree = "<group>";
		};
		929469C22848021F004908D2 /* Models */ = {
			isa = PBXGroup;
			children = (
				929469C0284801D0004908D2 /* PopularPhotosModel.swift */,
				920D7BFF2854FEFD0030C9C2 /* PhotoInfoModel.swift */,
			);
			path = Models;
			sourceTree = "<group>";
		};
		929469C5284BD536004908D2 /* Services */ = {
			isa = PBXGroup;
			children = (
				929469C6284BD57A004908D2 /* FlickrServices.swift */,
				920D7C012855BED00030C9C2 /* URLBuilder.swift */,
			);
			path = Services;
			sourceTree = "<group>";
		};
		929469CA284BD751004908D2 /* Components */ = {
			isa = PBXGroup;
			children = (
				929469C8284BD661004908D2 /* PhotosListView.swift */,
				9269E121284C9DA600945B6F /* LogoView.swift */,
				9269E123284C9DE800945B6F /* WelcomeText.swift */,
			);
			path = Components;
			sourceTree = "<group>";
		};
		929469CB284BD7F3004908D2 /* View */ = {
			isa = PBXGroup;
			children = (
				929469B12847C403004908D2 /* AuthenticationView.swift */,
				929469BA2847CAB4004908D2 /* RedirectionView.swift */,
				929469AF284693D9004908D2 /* LoginView.swift */,
				929469B32847C70B004908D2 /* SignUpView.swift */,
				929469B52847C73D004908D2 /* HomeView.swift */,
				929469BE2847FCAB004908D2 /* PhotoDetailsView.swift */,
				929469BC2847F6D3004908D2 /* SettingsView.swift */,
			);
			path = View;
			sourceTree = "<group>";
		};
		929469CC284BD882004908D2 /* Constants */ = {
			isa = PBXGroup;
			children = (
				929469CD284BD897004908D2 /* Constants.swift */,
			);
			path = Constants;
			sourceTree = "<group>";
		};
/* End PBXGroup section */

/* Begin PBXNativeTarget section */
		9294699C284691CF004908D2 /* FlickrSwiftUI */ = {
			isa = PBXNativeTarget;
			buildConfigurationList = 929469AB284691D0004908D2 /* Build configuration list for PBXNativeTarget "FlickrSwiftUI" */;
			buildPhases = (
				92946999284691CF004908D2 /* Sources */,
				9294699A284691CF004908D2 /* Frameworks */,
				9294699B284691CF004908D2 /* Resources */,
			);
			buildRules = (
			);
			dependencies = (
			);
			name = FlickrSwiftUI;
			productName = FlickrSwiftUI;
			productReference = 9294699D284691CF004908D2 /* FlickrSwiftUI.app */;
			productType = "com.apple.product-type.application";
		};
/* End PBXNativeTarget section */

/* Begin PBXProject section */
		92946995284691CF004908D2 /* Project object */ = {
			isa = PBXProject;
			attributes = {
				BuildIndependentTargetsInParallel = 1;
				LastSwiftUpdateCheck = 1340;
				LastUpgradeCheck = 1340;
				TargetAttributes = {
					9294699C284691CF004908D2 = {
						CreatedOnToolsVersion = 13.4;
					};
				};
			};
			buildConfigurationList = 92946998284691CF004908D2 /* Build configuration list for PBXProject "FlickrSwiftUI" */;
			compatibilityVersion = "Xcode 13.0";
			developmentRegion = en;
			hasScannedForEncodings = 0;
			knownRegions = (
				en,
				Base,
			);
			mainGroup = 92946994284691CF004908D2;
			productRefGroup = 9294699E284691CF004908D2 /* Products */;
			projectDirPath = "";
			projectRoot = "";
			targets = (
				9294699C284691CF004908D2 /* FlickrSwiftUI */,
			);
		};
/* End PBXProject section */

/* Begin PBXResourcesBuildPhase section */
		9294699B284691CF004908D2 /* Resources */ = {
			isa = PBXResourcesBuildPhase;
			buildActionMask = 2147483647;
			files = (
				929469A8284691D0004908D2 /* Preview Assets.xcassets in Resources */,
				929469A5284691D0004908D2 /* Assets.xcassets in Resources */,
			);
			runOnlyForDeploymentPostprocessing = 0;
		};
/* End PBXResourcesBuildPhase section */

/* Begin PBXSourcesBuildPhase section */
		92946999284691CF004908D2 /* Sources */ = {
			isa = PBXSourcesBuildPhase;
			buildActionMask = 2147483647;
			files = (
				929469C9284BD661004908D2 /* PhotosListView.swift in Sources */,
				929469BF2847FCAB004908D2 /* PhotoDetailsView.swift in Sources */,
				929469B0284693D9004908D2 /* LoginView.swift in Sources */,
				929469C7284BD57A004908D2 /* FlickrServices.swift in Sources */,
				920D7BFC2853C9DB0030C9C2 /* KeychainHelper.swift in Sources */,
				920D7BF72851295D0030C9C2 /* PhotoDataModel.xcdatamodeld in Sources */,
				920D7BFE2853CD4F0030C9C2 /* KeychainPropertyWrapper.swift in Sources */,
				920D7BF9285134C50030C9C2 /* PhotoContainer.swift in Sources */,
				920D7C022855BED00030C9C2 /* URLBuilder.swift in Sources */,
				929469B92847CA1E004908D2 /* ViewRouter.swift in Sources */,
				929469B42847C70B004908D2 /* SignUpView.swift in Sources */,
				929469BD2847F6D3004908D2 /* SettingsView.swift in Sources */,
				929469CE284BD897004908D2 /* Constants.swift in Sources */,
				929469BB2847CAB4004908D2 /* RedirectionView.swift in Sources */,
				929469C1284801D0004908D2 /* PopularPhotosModel.swift in Sources */,
				920D7C002854FEFD0030C9C2 /* PhotoInfoModel.swift in Sources */,
				9269E122284C9DA600945B6F /* LogoView.swift in Sources */,
				929469B62847C73D004908D2 /* HomeView.swift in Sources */,
				9269E124284C9DE800945B6F /* WelcomeText.swift in Sources */,
				929469B22847C403004908D2 /* AuthenticationView.swift in Sources */,
				929469A1284691CF004908D2 /* FlickrSwiftUIApp.swift in Sources */,
			);
			runOnlyForDeploymentPostprocessing = 0;
		};
/* End PBXSourcesBuildPhase section */

/* Begin XCBuildConfiguration section */
		929469A9284691D0004908D2 /* Debug */ = {
			isa = XCBuildConfiguration;
			buildSettings = {
				ALWAYS_SEARCH_USER_PATHS = NO;
				CLANG_ANALYZER_NONNULL = YES;
				CLANG_ANALYZER_NUMBER_OBJECT_CONVERSION = YES_AGGRESSIVE;
				CLANG_CXX_LANGUAGE_STANDARD = "gnu++17";
				CLANG_ENABLE_MODULES = YES;
				CLANG_ENABLE_OBJC_ARC = YES;
				CLANG_ENABLE_OBJC_WEAK = YES;
				CLANG_WARN_BLOCK_CAPTURE_AUTORELEASING = YES;
				CLANG_WARN_BOOL_CONVERSION = YES;
				CLANG_WARN_COMMA = YES;
				CLANG_WARN_CONSTANT_CONVERSION = YES;
				CLANG_WARN_DEPRECATED_OBJC_IMPLEMENTATIONS = YES;
				CLANG_WARN_DIRECT_OBJC_ISA_USAGE = YES_ERROR;
				CLANG_WARN_DOCUMENTATION_COMMENTS = YES;
				CLANG_WARN_EMPTY_BODY = YES;
				CLANG_WARN_ENUM_CONVERSION = YES;
				CLANG_WARN_INFINITE_RECURSION = YES;
				CLANG_WARN_INT_CONVERSION = YES;
				CLANG_WARN_NON_LITERAL_NULL_CONVERSION = YES;
				CLANG_WARN_OBJC_IMPLICIT_RETAIN_SELF = YES;
				CLANG_WARN_OBJC_LITERAL_CONVERSION = YES;
				CLANG_WARN_OBJC_ROOT_CLASS = YES_ERROR;
				CLANG_WARN_QUOTED_INCLUDE_IN_FRAMEWORK_HEADER = YES;
				CLANG_WARN_RANGE_LOOP_ANALYSIS = YES;
				CLANG_WARN_STRICT_PROTOTYPES = YES;
				CLANG_WARN_SUSPICIOUS_MOVE = YES;
				CLANG_WARN_UNGUARDED_AVAILABILITY = YES_AGGRESSIVE;
				CLANG_WARN_UNREACHABLE_CODE = YES;
				CLANG_WARN__DUPLICATE_METHOD_MATCH = YES;
				COPY_PHASE_STRIP = NO;
				DEBUG_INFORMATION_FORMAT = dwarf;
				ENABLE_STRICT_OBJC_MSGSEND = YES;
				ENABLE_TESTABILITY = YES;
				GCC_C_LANGUAGE_STANDARD = gnu11;
				GCC_DYNAMIC_NO_PIC = NO;
				GCC_NO_COMMON_BLOCKS = YES;
				GCC_OPTIMIZATION_LEVEL = 0;
				GCC_PREPROCESSOR_DEFINITIONS = (
					"DEBUG=1",
					"$(inherited)",
				);
				GCC_WARN_64_TO_32_BIT_CONVERSION = YES;
				GCC_WARN_ABOUT_RETURN_TYPE = YES_ERROR;
				GCC_WARN_UNDECLARED_SELECTOR = YES;
				GCC_WARN_UNINITIALIZED_AUTOS = YES_AGGRESSIVE;
				GCC_WARN_UNUSED_FUNCTION = YES;
				GCC_WARN_UNUSED_VARIABLE = YES;
				IPHONEOS_DEPLOYMENT_TARGET = 15.5;
				MTL_ENABLE_DEBUG_INFO = INCLUDE_SOURCE;
				MTL_FAST_MATH = YES;
				ONLY_ACTIVE_ARCH = YES;
				SDKROOT = iphoneos;
				SWIFT_ACTIVE_COMPILATION_CONDITIONS = DEBUG;
				SWIFT_OPTIMIZATION_LEVEL = "-Onone";
			};
			name = Debug;
		};
		929469AA284691D0004908D2 /* Release */ = {
			isa = XCBuildConfiguration;
			buildSettings = {
				ALWAYS_SEARCH_USER_PATHS = NO;
				CLANG_ANALYZER_NONNULL = YES;
				CLANG_ANALYZER_NUMBER_OBJECT_CONVERSION = YES_AGGRESSIVE;
				CLANG_CXX_LANGUAGE_STANDARD = "gnu++17";
				CLANG_ENABLE_MODULES = YES;
				CLANG_ENABLE_OBJC_ARC = YES;
				CLANG_ENABLE_OBJC_WEAK = YES;
				CLANG_WARN_BLOCK_CAPTURE_AUTORELEASING = YES;
				CLANG_WARN_BOOL_CONVERSION = YES;
				CLANG_WARN_COMMA = YES;
				CLANG_WARN_CONSTANT_CONVERSION = YES;
				CLANG_WARN_DEPRECATED_OBJC_IMPLEMENTATIONS = YES;
				CLANG_WARN_DIRECT_OBJC_ISA_USAGE = YES_ERROR;
				CLANG_WARN_DOCUMENTATION_COMMENTS = YES;
				CLANG_WARN_EMPTY_BODY = YES;
				CLANG_WARN_ENUM_CONVERSION = YES;
				CLANG_WARN_INFINITE_RECURSION = YES;
				CLANG_WARN_INT_CONVERSION = YES;
				CLANG_WARN_NON_LITERAL_NULL_CONVERSION = YES;
				CLANG_WARN_OBJC_IMPLICIT_RETAIN_SELF = YES;
				CLANG_WARN_OBJC_LITERAL_CONVERSION = YES;
				CLANG_WARN_OBJC_ROOT_CLASS = YES_ERROR;
				CLANG_WARN_QUOTED_INCLUDE_IN_FRAMEWORK_HEADER = YES;
				CLANG_WARN_RANGE_LOOP_ANALYSIS = YES;
				CLANG_WARN_STRICT_PROTOTYPES = YES;
				CLANG_WARN_SUSPICIOUS_MOVE = YES;
				CLANG_WARN_UNGUARDED_AVAILABILITY = YES_AGGRESSIVE;
				CLANG_WARN_UNREACHABLE_CODE = YES;
				CLANG_WARN__DUPLICATE_METHOD_MATCH = YES;
				COPY_PHASE_STRIP = NO;
				DEBUG_INFORMATION_FORMAT = "dwarf-with-dsym";
				ENABLE_NS_ASSERTIONS = NO;
				ENABLE_STRICT_OBJC_MSGSEND = YES;
				GCC_C_LANGUAGE_STANDARD = gnu11;
				GCC_NO_COMMON_BLOCKS = YES;
				GCC_WARN_64_TO_32_BIT_CONVERSION = YES;
				GCC_WARN_ABOUT_RETURN_TYPE = YES_ERROR;
				GCC_WARN_UNDECLARED_SELECTOR = YES;
				GCC_WARN_UNINITIALIZED_AUTOS = YES_AGGRESSIVE;
				GCC_WARN_UNUSED_FUNCTION = YES;
				GCC_WARN_UNUSED_VARIABLE = YES;
				IPHONEOS_DEPLOYMENT_TARGET = 15.5;
				MTL_ENABLE_DEBUG_INFO = NO;
				MTL_FAST_MATH = YES;
				SDKROOT = iphoneos;
				SWIFT_COMPILATION_MODE = wholemodule;
				SWIFT_OPTIMIZATION_LEVEL = "-O";
				VALIDATE_PRODUCT = YES;
			};
			name = Release;
		};
		929469AC284691D0004908D2 /* Debug */ = {
			isa = XCBuildConfiguration;
			buildSettings = {
				ASSETCATALOG_COMPILER_APPICON_NAME = AppIcon;
				ASSETCATALOG_COMPILER_GLOBAL_ACCENT_COLOR_NAME = AccentColor;
				CODE_SIGN_ENTITLEMENTS = FlickrSwiftUI/FlickrSwiftUI.entitlements;
				CODE_SIGN_STYLE = Automatic;
				CURRENT_PROJECT_VERSION = 1;
				DEVELOPMENT_ASSET_PATHS = "\"FlickrSwiftUI/Preview Content\"";
				DEVELOPMENT_TEAM = 65428QNNLJ;
				ENABLE_PREVIEWS = YES;
				GENERATE_INFOPLIST_FILE = YES;
				INFOPLIST_FILE = FlickrSwiftUI/Info.plist;
				INFOPLIST_KEY_UIApplicationSceneManifest_Generation = YES;
				INFOPLIST_KEY_UIApplicationSupportsIndirectInputEvents = YES;
				INFOPLIST_KEY_UILaunchScreen_Generation = YES;
				INFOPLIST_KEY_UISupportedInterfaceOrientations = UIInterfaceOrientationPortrait;
				INFOPLIST_KEY_UISupportedInterfaceOrientations_iPad = "UIInterfaceOrientationPortrait UIInterfaceOrientationPortraitUpsideDown UIInterfaceOrientationLandscapeLeft UIInterfaceOrientationLandscapeRight";
				INFOPLIST_KEY_UISupportedInterfaceOrientations_iPhone = "UIInterfaceOrientationPortrait UIInterfaceOrientationLandscapeLeft UIInterfaceOrientationLandscapeRight";
				LD_RUNPATH_SEARCH_PATHS = (
					"$(inherited)",
					"@executable_path/Frameworks",
				);
				MARKETING_VERSION = 1.0;
				PRODUCT_BUNDLE_IDENTIFIER = com.project.test.FlickrSwiftUI;
				PRODUCT_NAME = "$(TARGET_NAME)";
				SWIFT_EMIT_LOC_STRINGS = YES;
				SWIFT_VERSION = 5.0;
				TARGETED_DEVICE_FAMILY = "1,2";
			};
			name = Debug;
		};
		929469AD284691D0004908D2 /* Release */ = {
			isa = XCBuildConfiguration;
			buildSettings = {
				ASSETCATALOG_COMPILER_APPICON_NAME = AppIcon;
				ASSETCATALOG_COMPILER_GLOBAL_ACCENT_COLOR_NAME = AccentColor;
				CODE_SIGN_ENTITLEMENTS = FlickrSwiftUI/FlickrSwiftUI.entitlements;
				CODE_SIGN_STYLE = Automatic;
				CURRENT_PROJECT_VERSION = 1;
				DEVELOPMENT_ASSET_PATHS = "\"FlickrSwiftUI/Preview Content\"";
				DEVELOPMENT_TEAM = 65428QNNLJ;
				ENABLE_PREVIEWS = YES;
				GENERATE_INFOPLIST_FILE = YES;
				INFOPLIST_FILE = FlickrSwiftUI/Info.plist;
				INFOPLIST_KEY_UIApplicationSceneManifest_Generation = YES;
				INFOPLIST_KEY_UIApplicationSupportsIndirectInputEvents = YES;
				INFOPLIST_KEY_UILaunchScreen_Generation = YES;
				INFOPLIST_KEY_UISupportedInterfaceOrientations = UIInterfaceOrientationPortrait;
				INFOPLIST_KEY_UISupportedInterfaceOrientations_iPad = "UIInterfaceOrientationPortrait UIInterfaceOrientationPortraitUpsideDown UIInterfaceOrientationLandscapeLeft UIInterfaceOrientationLandscapeRight";
				INFOPLIST_KEY_UISupportedInterfaceOrientations_iPhone = "UIInterfaceOrientationPortrait UIInterfaceOrientationLandscapeLeft UIInterfaceOrientationLandscapeRight";
				LD_RUNPATH_SEARCH_PATHS = (
					"$(inherited)",
					"@executable_path/Frameworks",
				);
				MARKETING_VERSION = 1.0;
				PRODUCT_BUNDLE_IDENTIFIER = com.project.test.FlickrSwiftUI;
				PRODUCT_NAME = "$(TARGET_NAME)";
				SWIFT_EMIT_LOC_STRINGS = YES;
				SWIFT_VERSION = 5.0;
				TARGETED_DEVICE_FAMILY = "1,2";
			};
			name = Release;
		};
/* End XCBuildConfiguration section */

/* Begin XCConfigurationList section */
		92946998284691CF004908D2 /* Build configuration list for PBXProject "FlickrSwiftUI" */ = {
			isa = XCConfigurationList;
			buildConfigurations = (
				929469A9284691D0004908D2 /* Debug */,
				929469AA284691D0004908D2 /* Release */,
			);
			defaultConfigurationIsVisible = 0;
			defaultConfigurationName = Release;
		};
		929469AB284691D0004908D2 /* Build configuration list for PBXNativeTarget "FlickrSwiftUI" */ = {
			isa = XCConfigurationList;
			buildConfigurations = (
				929469AC284691D0004908D2 /* Debug */,
				929469AD284691D0004908D2 /* Release */,
			);
			defaultConfigurationIsVisible = 0;
			defaultConfigurationName = Release;
		};
/* End XCConfigurationList section */

/* Begin XCVersionGroup section */
		920D7BF52851295D0030C9C2 /* PhotoDataModel.xcdatamodeld */ = {
			isa = XCVersionGroup;
			children = (
				920D7BF62851295D0030C9C2 /* Authorization.xcdatamodel */,
			);
			currentVersion = 920D7BF62851295D0030C9C2 /* Authorization.xcdatamodel */;
			path = PhotoDataModel.xcdatamodeld;
			sourceTree = "<group>";
			versionGroupType = wrapper.xcdatamodel;
		};
/* End XCVersionGroup section */
	};
	rootObject = 92946995284691CF004908D2 /* Project object */;
}
